
Microsoft Visual Studio Solution File, Format Version 12.00
# Visual Studio 14
VisualStudioVersion = 14.0.25420.1
MinimumVisualStudioVersion = 10.0.40219.1
Project("{FAE04EC0-301F-11D3-BF4B-00C04F79EFBC}") = "FantasyData", "FantasyData\FantasyData.csproj", "{EEC3D83B-A3EA-4196-9557-80E40FB7BDEC}"
EndProject
Project("{FAE04EC0-301F-11D3-BF4B-00C04F79EFBC}") = "FantasyData.Utils", "FantasyData.Utils\FantasyData.Utils.csproj", "{5BF79131-00F6-4F98-975B-8FA84896B710}"
EndProject
Project("{2150E333-8FDC-42A3-9474-1A3956D46DE8}") = "NFL", "NFL", "{C9E88DBA-9D95-43D1-92A6-D50279F1576A}"
EndProject
Project("{FAE04EC0-301F-11D3-BF4B-00C04F79EFBC}") = "FantasyData.NFL.Entities", "NFL\FantasyData.NFL.Entities\FantasyData.NFL.Entities.csproj", "{178FAF6E-BFEE-4C70-80B1-CD3848C41722}"
EndProject
Project("{FAE04EC0-301F-11D3-BF4B-00C04F79EFBC}") = "FantasyData.NFL", "NFL\FantasyData.NFL\FantasyData.NFL.csproj", "{D69A90AD-FBD8-40D7-BDA7-C4BF63E5662D}"
EndProject
Project("{FAE04EC0-301F-11D3-BF4B-00C04F79EFBC}") = "FantasyData.NFLTests", "NFL\FantasyData.NFLTests\FantasyData.NFLTests.csproj", "{A8E7C0D2-E36B-43FF-8075-8636BAC6779B}"
EndProject
Project("{2150E333-8FDC-42A3-9474-1A3956D46DE8}") = "Soccer", "Soccer", "{FBAB53E5-92CD-4F52-ADC1-268A638946AF}"
EndProject
Project("{FAE04EC0-301F-11D3-BF4B-00C04F79EFBC}") = "FantasyData.Soccer.Entities", "Soccer\FantasyData.Soccer.Entities\FantasyData.Soccer.Entities.csproj", "{78459200-79C8-49B8-8142-64992AEB9FDE}"
EndProject
Project("{FAE04EC0-301F-11D3-BF4B-00C04F79EFBC}") = "FantasyData.Soccer", "Soccer\FantasyData.Soccer\FantasyData.Soccer.csproj", "{421C9C40-4A78-4D65-88B6-7EECFCE652F0}"
EndProject
Project("{FAE04EC0-301F-11D3-BF4B-00C04F79EFBC}") = "FantasyData.Soccer.Tests", "Soccer\FantasyData.Soccer.Tests\FantasyData.Soccer.Tests.csproj", "{E9E7041C-9BE2-45E2-A92A-469001A4AEA5}"
EndProject
Project("{2150E333-8FDC-42A3-9474-1A3956D46DE8}") = "NHL", "NHL", "{DF9FBBCC-762C-4979-9A7B-33589A3E2126}"
EndProject
Project("{FAE04EC0-301F-11D3-BF4B-00C04F79EFBC}") = "FantasyData.NHL", "NHL\FantasyData.NHL\FantasyData.NHL.csproj", "{1A96B416-9719-41B0-970D-BD2514F684DD}"
EndProject
Project("{FAE04EC0-301F-11D3-BF4B-00C04F79EFBC}") = "FantasyData.NHL.Entities", "NHL\FantasyData.NHL.Entities\FantasyData.NHL.Entities.csproj", "{24B3C112-4165-4CEA-B9E6-B95D35B92FD2}"
EndProject
Project("{FAE04EC0-301F-11D3-BF4B-00C04F79EFBC}") = "FantasyData.NHLTests", "NHL\FantasyData.NHLTests\FantasyData.NHLTests.csproj", "{AAAE89C8-2E7E-4B7B-B157-6E5D139EF3F0}"
EndProject
Project("{2150E333-8FDC-42A3-9474-1A3956D46DE8}") = "NBA", "NBA", "{5A296252-882D-47A6-AEAE-63223AE72040}"
EndProject
Project("{FAE04EC0-301F-11D3-BF4B-00C04F79EFBC}") = "FantasyData.NBA", "NBA\FantasyData.NBA\FantasyData.NBA.csproj", "{B2E0369E-EB88-4470-B4D3-EEC65E12EF94}"
EndProject
Project("{FAE04EC0-301F-11D3-BF4B-00C04F79EFBC}") = "FantasyData.NBA.Entities", "NBA\FantasyData.NBA.Entities\FantasyData.NBA.Entities.csproj", "{0AB50C21-38B8-44A9-8FB9-80FAC6F67A5F}"
EndProject
Project("{FAE04EC0-301F-11D3-BF4B-00C04F79EFBC}") = "FantasyData.NBATests", "NBA\FantasyData.NBATests\FantasyData.NBATests.csproj", "{54D63FF8-F58C-4151-B14D-30797C03668C}"
EndProject
Project("{2150E333-8FDC-42A3-9474-1A3956D46DE8}") = "MLB", "MLB", "{03EBEF19-D5CE-4E0D-A4FA-A72A9F1FDC03}"
EndProject
Project("{FAE04EC0-301F-11D3-BF4B-00C04F79EFBC}") = "FantasyData.MLB", "MLB\FantasyData.MLB\FantasyData.MLB.csproj", "{FCCBDD80-AF80-45D2-9E8C-9AD9DF5C1A53}"
EndProject
Project("{FAE04EC0-301F-11D3-BF4B-00C04F79EFBC}") = "FantasyData.MLB.Entities", "MLB\FantasyData.MLB.Entities\FantasyData.MLB.Entities.csproj", "{B069EFBB-8CD2-4106-BCEA-70962166976A}"
EndProject
Project("{FAE04EC0-301F-11D3-BF4B-00C04F79EFBC}") = "FantasyData.MLBTests", "MLB\FantasyData.MLBTests\FantasyData.MLBTests.csproj", "{D54C942A-682C-4FA8-989D-6E8A8747EDBD}"
EndProject
Global
	GlobalSection(SolutionConfigurationPlatforms) = preSolution
		Debug|Any CPU = Debug|Any CPU
		Release|Any CPU = Release|Any CPU
	EndGlobalSection
	GlobalSection(ProjectConfigurationPlatforms) = postSolution
		{EEC3D83B-A3EA-4196-9557-80E40FB7BDEC}.Debug|Any CPU.ActiveCfg = Debug|Any CPU
		{EEC3D83B-A3EA-4196-9557-80E40FB7BDEC}.Debug|Any CPU.Build.0 = Debug|Any CPU
		{EEC3D83B-A3EA-4196-9557-80E40FB7BDEC}.Release|Any CPU.ActiveCfg = Release|Any CPU
		{EEC3D83B-A3EA-4196-9557-80E40FB7BDEC}.Release|Any CPU.Build.0 = Release|Any CPU
		{5BF79131-00F6-4F98-975B-8FA84896B710}.Debug|Any CPU.ActiveCfg = Debug|Any CPU
		{5BF79131-00F6-4F98-975B-8FA84896B710}.Debug|Any CPU.Build.0 = Debug|Any CPU
		{5BF79131-00F6-4F98-975B-8FA84896B710}.Release|Any CPU.ActiveCfg = Release|Any CPU
		{5BF79131-00F6-4F98-975B-8FA84896B710}.Release|Any CPU.Build.0 = Release|Any CPU
		{178FAF6E-BFEE-4C70-80B1-CD3848C41722}.Debug|Any CPU.ActiveCfg = Debug|Any CPU
		{178FAF6E-BFEE-4C70-80B1-CD3848C41722}.Debug|Any CPU.Build.0 = Debug|Any CPU
		{178FAF6E-BFEE-4C70-80B1-CD3848C41722}.Release|Any CPU.ActiveCfg = Release|Any CPU
		{178FAF6E-BFEE-4C70-80B1-CD3848C41722}.Release|Any CPU.Build.0 = Release|Any CPU
		{D69A90AD-FBD8-40D7-BDA7-C4BF63E5662D}.Debug|Any CPU.ActiveCfg = Debug|Any CPU
		{D69A90AD-FBD8-40D7-BDA7-C4BF63E5662D}.Debug|Any CPU.Build.0 = Debug|Any CPU
		{D69A90AD-FBD8-40D7-BDA7-C4BF63E5662D}.Release|Any CPU.ActiveCfg = Release|Any CPU
		{D69A90AD-FBD8-40D7-BDA7-C4BF63E5662D}.Release|Any CPU.Build.0 = Release|Any CPU
		{A8E7C0D2-E36B-43FF-8075-8636BAC6779B}.Debug|Any CPU.ActiveCfg = Debug|Any CPU
		{A8E7C0D2-E36B-43FF-8075-8636BAC6779B}.Debug|Any CPU.Build.0 = Debug|Any CPU
		{A8E7C0D2-E36B-43FF-8075-8636BAC6779B}.Release|Any CPU.ActiveCfg = Release|Any CPU
		{A8E7C0D2-E36B-43FF-8075-8636BAC6779B}.Release|Any CPU.Build.0 = Release|Any CPU
		{78459200-79C8-49B8-8142-64992AEB9FDE}.Debug|Any CPU.ActiveCfg = Debug|Any CPU
		{78459200-79C8-49B8-8142-64992AEB9FDE}.Debug|Any CPU.Build.0 = Debug|Any CPU
		{78459200-79C8-49B8-8142-64992AEB9FDE}.Release|Any CPU.ActiveCfg = Release|Any CPU
		{78459200-79C8-49B8-8142-64992AEB9FDE}.Release|Any CPU.Build.0 = Release|Any CPU
		{421C9C40-4A78-4D65-88B6-7EECFCE652F0}.Debug|Any CPU.ActiveCfg = Debug|Any CPU
		{421C9C40-4A78-4D65-88B6-7EECFCE652F0}.Debug|Any CPU.Build.0 = Debug|Any CPU
		{421C9C40-4A78-4D65-88B6-7EECFCE652F0}.Release|Any CPU.ActiveCfg = Release|Any CPU
		{421C9C40-4A78-4D65-88B6-7EECFCE652F0}.Release|Any CPU.Build.0 = Release|Any CPU
		{E9E7041C-9BE2-45E2-A92A-469001A4AEA5}.Debug|Any CPU.ActiveCfg = Debug|Any CPU
		{E9E7041C-9BE2-45E2-A92A-469001A4AEA5}.Debug|Any CPU.Build.0 = Debug|Any CPU
		{E9E7041C-9BE2-45E2-A92A-469001A4AEA5}.Release|Any CPU.ActiveCfg = Release|Any CPU
		{E9E7041C-9BE2-45E2-A92A-469001A4AEA5}.Release|Any CPU.Build.0 = Release|Any CPU
		{1A96B416-9719-41B0-970D-BD2514F684DD}.Debug|Any CPU.ActiveCfg = Debug|Any CPU
		{1A96B416-9719-41B0-970D-BD2514F684DD}.Debug|Any CPU.Build.0 = Debug|Any CPU
		{1A96B416-9719-41B0-970D-BD2514F684DD}.Release|Any CPU.ActiveCfg = Release|Any CPU
		{1A96B416-9719-41B0-970D-BD2514F684DD}.Release|Any CPU.Build.0 = Release|Any CPU
		{24B3C112-4165-4CEA-B9E6-B95D35B92FD2}.Debug|Any CPU.ActiveCfg = Debug|Any CPU
		{24B3C112-4165-4CEA-B9E6-B95D35B92FD2}.Debug|Any CPU.Build.0 = Debug|Any CPU
		{24B3C112-4165-4CEA-B9E6-B95D35B92FD2}.Release|Any CPU.ActiveCfg = Release|Any CPU
		{24B3C112-4165-4CEA-B9E6-B95D35B92FD2}.Release|Any CPU.Build.0 = Release|Any CPU
		{AAAE89C8-2E7E-4B7B-B157-6E5D139EF3F0}.Debug|Any CPU.ActiveCfg = Debug|Any CPU
		{AAAE89C8-2E7E-4B7B-B157-6E5D139EF3F0}.Debug|Any CPU.Build.0 = Debug|Any CPU
		{AAAE89C8-2E7E-4B7B-B157-6E5D139EF3F0}.Release|Any CPU.ActiveCfg = Release|Any CPU
		{AAAE89C8-2E7E-4B7B-B157-6E5D139EF3F0}.Release|Any CPU.Build.0 = Release|Any CPU
		{B2E0369E-EB88-4470-B4D3-EEC65E12EF94}.Debug|Any CPU.ActiveCfg = Debug|Any CPU
		{B2E0369E-EB88-4470-B4D3-EEC65E12EF94}.Debug|Any CPU.Build.0 = Debug|Any CPU
		{B2E0369E-EB88-4470-B4D3-EEC65E12EF94}.Release|Any CPU.ActiveCfg = Release|Any CPU
		{B2E0369E-EB88-4470-B4D3-EEC65E12EF94}.Release|Any CPU.Build.0 = Release|Any CPU
		{0AB50C21-38B8-44A9-8FB9-80FAC6F67A5F}.Debug|Any CPU.ActiveCfg = Debug|Any CPU
		{0AB50C21-38B8-44A9-8FB9-80FAC6F67A5F}.Debug|Any CPU.Build.0 = Debug|Any CPU
		{0AB50C21-38B8-44A9-8FB9-80FAC6F67A5F}.Release|Any CPU.ActiveCfg = Release|Any CPU
		{0AB50C21-38B8-44A9-8FB9-80FAC6F67A5F}.Release|Any CPU.Build.0 = Release|Any CPU
		{54D63FF8-F58C-4151-B14D-30797C03668C}.Debug|Any CPU.ActiveCfg = Debug|Any CPU
		{54D63FF8-F58C-4151-B14D-30797C03668C}.Debug|Any CPU.Build.0 = Debug|Any CPU
		{54D63FF8-F58C-4151-B14D-30797C03668C}.Release|Any CPU.ActiveCfg = Release|Any CPU
		{54D63FF8-F58C-4151-B14D-30797C03668C}.Release|Any CPU.Build.0 = Release|Any CPU
		{FCCBDD80-AF80-45D2-9E8C-9AD9DF5C1A53}.Debug|Any CPU.ActiveCfg = Debug|Any CPU
		{FCCBDD80-AF80-45D2-9E8C-9AD9DF5C1A53}.Debug|Any CPU.Build.0 = Debug|Any CPU
		{FCCBDD80-AF80-45D2-9E8C-9AD9DF5C1A53}.Release|Any CPU.ActiveCfg = Release|Any CPU
		{FCCBDD80-AF80-45D2-9E8C-9AD9DF5C1A53}.Release|Any CPU.Build.0 = Release|Any CPU
		{B069EFBB-8CD2-4106-BCEA-70962166976A}.Debug|Any CPU.ActiveCfg = Debug|Any CPU
		{B069EFBB-8CD2-4106-BCEA-70962166976A}.Debug|Any CPU.Build.0 = Debug|Any CPU
		{B069EFBB-8CD2-4106-BCEA-70962166976A}.Release|Any CPU.ActiveCfg = Release|Any CPU
		{B069EFBB-8CD2-4106-BCEA-70962166976A}.Release|Any CPU.Build.0 = Release|Any CPU
		{D54C942A-682C-4FA8-989D-6E8A8747EDBD}.Debug|Any CPU.ActiveCfg = Debug|Any CPU
		{D54C942A-682C-4FA8-989D-6E8A8747EDBD}.Debug|Any CPU.Build.0 = Debug|Any CPU
		{D54C942A-682C-4FA8-989D-6E8A8747EDBD}.Release|Any CPU.ActiveCfg = Release|Any CPU
		{D54C942A-682C-4FA8-989D-6E8A8747EDBD}.Release|Any CPU.Build.0 = Release|Any CPU
	EndGlobalSection
	GlobalSection(SolutionProperties) = preSolution
		HideSolutionNode = FALSE
	EndGlobalSection
	GlobalSection(NestedProjects) = preSolution
		{178FAF6E-BFEE-4C70-80B1-CD3848C41722} = {C9E88DBA-9D95-43D1-92A6-D50279F1576A}
		{D69A90AD-FBD8-40D7-BDA7-C4BF63E5662D} = {C9E88DBA-9D95-43D1-92A6-D50279F1576A}
		{A8E7C0D2-E36B-43FF-8075-8636BAC6779B} = {C9E88DBA-9D95-43D1-92A6-D50279F1576A}
		{78459200-79C8-49B8-8142-64992AEB9FDE} = {FBAB53E5-92CD-4F52-ADC1-268A638946AF}
		{421C9C40-4A78-4D65-88B6-7EECFCE652F0} = {FBAB53E5-92CD-4F52-ADC1-268A638946AF}
		{E9E7041C-9BE2-45E2-A92A-469001A4AEA5} = {FBAB53E5-92CD-4F52-ADC1-268A638946AF}
		{1A96B416-9719-41B0-970D-BD2514F684DD} = {DF9FBBCC-762C-4979-9A7B-33589A3E2126}
		{24B3C112-4165-4CEA-B9E6-B95D35B92FD2} = {DF9FBBCC-762C-4979-9A7B-33589A3E2126}
		{AAAE89C8-2E7E-4B7B-B157-6E5D139EF3F0} = {DF9FBBCC-762C-4979-9A7B-33589A3E2126}
		{B2E0369E-EB88-4470-B4D3-EEC65E12EF94} = {5A296252-882D-47A6-AEAE-63223AE72040}
		{0AB50C21-38B8-44A9-8FB9-80FAC6F67A5F} = {5A296252-882D-47A6-AEAE-63223AE72040}
		{54D63FF8-F58C-4151-B14D-30797C03668C} = {5A296252-882D-47A6-AEAE-63223AE72040}
		{FCCBDD80-AF80-45D2-9E8C-9AD9DF5C1A53} = {03EBEF19-D5CE-4E0D-A4FA-A72A9F1FDC03}
		{B069EFBB-8CD2-4106-BCEA-70962166976A} = {03EBEF19-D5CE-4E0D-A4FA-A72A9F1FDC03}
		{D54C942A-682C-4FA8-989D-6E8A8747EDBD} = {03EBEF19-D5CE-4E0D-A4FA-A72A9F1FDC03}
	EndGlobalSection
EndGlobal
